
Microsoft Visual Studio Solution File, Format Version 12.00
# Visual Studio 14
VisualStudioVersion = 14.0.23107.0
MinimumVisualStudioVersion = 10.0.40219.1
Project("{FAE04EC0-301F-11D3-BF4B-00C04F79EFBC}") = "Gui", "Gui\Gui.csproj", "{244671F0-D9C2-4680-874F-6E43161484DA}"
EndProject
Project("{FAE04EC0-301F-11D3-BF4B-00C04F79EFBC}") = "BookingPriceGiver", "PriceGiver\BookingPriceGiver.csproj", "{D31D4973-436B-4E62-B86C-561F9C01D2C1}"
EndProject
Project("{FAE04EC0-301F-11D3-BF4B-00C04F79EFBC}") = "InvoiceCreator", "InvoiceCreator\InvoiceCreator.csproj", "{91FC86D7-2FC4-459E-BC08-F88742548D49}"
EndProject
Project("{FAE04EC0-301F-11D3-BF4B-00C04F79EFBC}") = "ReportGenerator", "ReportGenerator\ReportGenerator.csproj", "{57209E2B-C0D0-4376-ACC5-4CDB126DFAE8}"
EndProject
Project("{FAE04EC0-301F-11D3-BF4B-00C04F79EFBC}") = "TestInvoicing", "TestInvoicing\TestInvoicing.csproj", "{672821C0-B815-484B-B057-8C7B15AB04F4}"
EndProject
Project("{FAE04EC0-301F-11D3-BF4B-00C04F79EFBC}") = "LogIt", "LogIt\LogIt.csproj", "{0F2CA4DA-58FE-43ED-8504-B441B5FDC206}"
EndProject
Project("{FAE04EC0-301F-11D3-BF4B-00C04F79EFBC}") = "Infrastructure", "Infrastructure\Infrastructure.csproj", "{79C8145C-B922-4C8D-9176-4AF62EA01E61}"
EndProject
Global
	GlobalSection(SolutionConfigurationPlatforms) = preSolution
		Debug|Any CPU = Debug|Any CPU
		Release|Any CPU = Release|Any CPU
	EndGlobalSection
	GlobalSection(ProjectConfigurationPlatforms) = postSolution
		{244671F0-D9C2-4680-874F-6E43161484DA}.Debug|Any CPU.ActiveCfg = Debug|Any CPU
		{244671F0-D9C2-4680-874F-6E43161484DA}.Debug|Any CPU.Build.0 = Debug|Any CPU
		{244671F0-D9C2-4680-874F-6E43161484DA}.Release|Any CPU.ActiveCfg = Release|Any CPU
		{244671F0-D9C2-4680-874F-6E43161484DA}.Release|Any CPU.Build.0 = Release|Any CPU
		{D31D4973-436B-4E62-B86C-561F9C01D2C1}.Debug|Any CPU.ActiveCfg = Debug|Any CPU
		{D31D4973-436B-4E62-B86C-561F9C01D2C1}.Debug|Any CPU.Build.0 = Debug|Any CPU
		{D31D4973-436B-4E62-B86C-561F9C01D2C1}.Release|Any CPU.ActiveCfg = Release|Any CPU
		{D31D4973-436B-4E62-B86C-561F9C01D2C1}.Release|Any CPU.Build.0 = Release|Any CPU
		{91FC86D7-2FC4-459E-BC08-F88742548D49}.Debug|Any CPU.ActiveCfg = Debug|Any CPU
		{91FC86D7-2FC4-459E-BC08-F88742548D49}.Debug|Any CPU.Build.0 = Debug|Any CPU
		{91FC86D7-2FC4-459E-BC08-F88742548D49}.Release|Any CPU.ActiveCfg = Release|Any CPU
		{91FC86D7-2FC4-459E-BC08-F88742548D49}.Release|Any CPU.Build.0 = Release|Any CPU
		{57209E2B-C0D0-4376-ACC5-4CDB126DFAE8}.Debug|Any CPU.ActiveCfg = Debug|Any CPU
		{57209E2B-C0D0-4376-ACC5-4CDB126DFAE8}.Debug|Any CPU.Build.0 = Debug|Any CPU
		{57209E2B-C0D0-4376-ACC5-4CDB126DFAE8}.Release|Any CPU.ActiveCfg = Release|Any CPU
		{57209E2B-C0D0-4376-ACC5-4CDB126DFAE8}.Release|Any CPU.Build.0 = Release|Any CPU
		{672821C0-B815-484B-B057-8C7B15AB04F4}.Debug|Any CPU.ActiveCfg = Debug|Any CPU
		{672821C0-B815-484B-B057-8C7B15AB04F4}.Debug|Any CPU.Build.0 = Debug|Any CPU
		{672821C0-B815-484B-B057-8C7B15AB04F4}.Release|Any CPU.ActiveCfg = Release|Any CPU
		{672821C0-B815-484B-B057-8C7B15AB04F4}.Release|Any CPU.Build.0 = Release|Any CPU
		{0F2CA4DA-58FE-43ED-8504-B441B5FDC206}.Debug|Any CPU.ActiveCfg = Debug|Any CPU
		{0F2CA4DA-58FE-43ED-8504-B441B5FDC206}.Debug|Any CPU.Build.0 = Debug|Any CPU
		{0F2CA4DA-58FE-43ED-8504-B441B5FDC206}.Release|Any CPU.ActiveCfg = Release|Any CPU
		{0F2CA4DA-58FE-43ED-8504-B441B5FDC206}.Release|Any CPU.Build.0 = Release|Any CPU
		{79C8145C-B922-4C8D-9176-4AF62EA01E61}.Debug|Any CPU.ActiveCfg = Debug|Any CPU
		{79C8145C-B922-4C8D-9176-4AF62EA01E61}.Debug|Any CPU.Build.0 = Debug|Any CPU
		{79C8145C-B922-4C8D-9176-4AF62EA01E61}.Release|Any CPU.ActiveCfg = Release|Any CPU
		{79C8145C-B922-4C8D-9176-4AF62EA01E61}.Release|Any CPU.Build.0 = Release|Any CPU
	EndGlobalSection
	GlobalSection(SolutionProperties) = preSolution
		HideSolutionNode = FALSE
	EndGlobalSection
EndGlobal
