
Microsoft Visual Studio Solution File, Format Version 12.00
# Visual Studio 14
VisualStudioVersion = 14.0.23107.0
MinimumVisualStudioVersion = 10.0.40219.1
Project("{FAE04EC0-301F-11D3-BF4B-00C04F79EFBC}") = "TestInvoicing", "TestInvoicing\TestInvoicing.csproj", "{672821C0-B815-484B-B057-8C7B15AB04F4}"
EndProject
Project("{FAE04EC0-301F-11D3-BF4B-00C04F79EFBC}") = "BookingPriceGiverService", "BookingPriceGiverService\BookingPriceGiverService.csproj", "{0A8415B0-C1E5-42C9-9ACC-92F3033483BC}"
EndProject
Project("{FAE04EC0-301F-11D3-BF4B-00C04F79EFBC}") = "GuiApplication", "GuiApplication\GuiApplication.csproj", "{15444D1D-4E69-4AA9-98C2-E53074D7C1E5}"
EndProject
Project("{FAE04EC0-301F-11D3-BF4B-00C04F79EFBC}") = "InvoiceCreatorService", "InvoiceCreatorService\InvoiceCreatorService.csproj", "{84BE4F6E-A3B6-4604-9C86-18C2438D3167}"
EndProject
Project("{FAE04EC0-301F-11D3-BF4B-00C04F79EFBC}") = "ReportGeneratorService", "ReportGeneratorService\ReportGeneratorService.csproj", "{EA67D8F9-D495-4BE9-9A66-97B35E1ADD1D}"
EndProject
Global
	GlobalSection(SolutionConfigurationPlatforms) = preSolution
		Debug|Any CPU = Debug|Any CPU
		Release|Any CPU = Release|Any CPU
	EndGlobalSection
	GlobalSection(ProjectConfigurationPlatforms) = postSolution
		{672821C0-B815-484B-B057-8C7B15AB04F4}.Debug|Any CPU.ActiveCfg = Debug|Any CPU
		{672821C0-B815-484B-B057-8C7B15AB04F4}.Debug|Any CPU.Build.0 = Debug|Any CPU
		{672821C0-B815-484B-B057-8C7B15AB04F4}.Release|Any CPU.ActiveCfg = Release|Any CPU
		{672821C0-B815-484B-B057-8C7B15AB04F4}.Release|Any CPU.Build.0 = Release|Any CPU
		{0A8415B0-C1E5-42C9-9ACC-92F3033483BC}.Debug|Any CPU.ActiveCfg = Debug|Any CPU
		{0A8415B0-C1E5-42C9-9ACC-92F3033483BC}.Debug|Any CPU.Build.0 = Debug|Any CPU
		{0A8415B0-C1E5-42C9-9ACC-92F3033483BC}.Release|Any CPU.ActiveCfg = Release|Any CPU
		{0A8415B0-C1E5-42C9-9ACC-92F3033483BC}.Release|Any CPU.Build.0 = Release|Any CPU
		{15444D1D-4E69-4AA9-98C2-E53074D7C1E5}.Debug|Any CPU.ActiveCfg = Debug|Any CPU
		{15444D1D-4E69-4AA9-98C2-E53074D7C1E5}.Debug|Any CPU.Build.0 = Debug|Any CPU
		{15444D1D-4E69-4AA9-98C2-E53074D7C1E5}.Release|Any CPU.ActiveCfg = Release|Any CPU
		{15444D1D-4E69-4AA9-98C2-E53074D7C1E5}.Release|Any CPU.Build.0 = Release|Any CPU
		{84BE4F6E-A3B6-4604-9C86-18C2438D3167}.Debug|Any CPU.ActiveCfg = Debug|Any CPU
		{84BE4F6E-A3B6-4604-9C86-18C2438D3167}.Debug|Any CPU.Build.0 = Debug|Any CPU
		{84BE4F6E-A3B6-4604-9C86-18C2438D3167}.Release|Any CPU.ActiveCfg = Release|Any CPU
		{84BE4F6E-A3B6-4604-9C86-18C2438D3167}.Release|Any CPU.Build.0 = Release|Any CPU
		{EA67D8F9-D495-4BE9-9A66-97B35E1ADD1D}.Debug|Any CPU.ActiveCfg = Debug|Any CPU
		{EA67D8F9-D495-4BE9-9A66-97B35E1ADD1D}.Debug|Any CPU.Build.0 = Debug|Any CPU
		{EA67D8F9-D495-4BE9-9A66-97B35E1ADD1D}.Release|Any CPU.ActiveCfg = Release|Any CPU
		{EA67D8F9-D495-4BE9-9A66-97B35E1ADD1D}.Release|Any CPU.Build.0 = Release|Any CPU
	EndGlobalSection
	GlobalSection(SolutionProperties) = preSolution
		HideSolutionNode = FALSE
	EndGlobalSection
EndGlobal
